
Microsoft Visual Studio Solution File, Format Version 12.00
# Visual Studio 15
VisualStudioVersion = 15.0.26730.3
MinimumVisualStudioVersion = 10.0.40219.1
Project("{9092AA53-FB77-4645-B42D-1CCCA6BD08BD}") = "iggridrestapi", "iggridrestapi\iggridrestapi.njsproj", "{D1969AB5-9D37-464B-A5CA-76AD39406A52}"
EndProject
Global
	GlobalSection(SolutionConfigurationPlatforms) = preSolution
		Debug|Any CPU = Debug|Any CPU
		Release|Any CPU = Release|Any CPU
	EndGlobalSection
	GlobalSection(ProjectConfigurationPlatforms) = postSolution
		{D1969AB5-9D37-464B-A5CA-76AD39406A52}.Debug|Any CPU.ActiveCfg = Debug|Any CPU
		{D1969AB5-9D37-464B-A5CA-76AD39406A52}.Debug|Any CPU.Build.0 = Debug|Any CPU
		{D1969AB5-9D37-464B-A5CA-76AD39406A52}.Release|Any CPU.ActiveCfg = Release|Any CPU
		{D1969AB5-9D37-464B-A5CA-76AD39406A52}.Release|Any CPU.Build.0 = Release|Any CPU
	EndGlobalSection
	GlobalSection(SolutionProperties) = preSolution
		HideSolutionNode = FALSE
	EndGlobalSection
	GlobalSection(ExtensibilityGlobals) = postSolution
		SolutionGuid = {ED771E37-D61E-49CD-B7E3-3F3D94ED6C04}
	EndGlobalSection
EndGlobal
